<?xml version="1.0" encoding="utf-8"?>
<Project ToolsVersion="4.0" xmlns="http://schemas.microsoft.com/developer/msbuild/2003">
  <ItemGroup>
    <Filter Include="Source Files">
      <UniqueIdentifier>{4FC737F1-C7A5-4376-A066-2A32D752A2FF}</UniqueIdentifier>
      <Extensions>cpp;c;cc;cxx;def;odl;idl;hpj;bat;asm;asmx</Extensions>
    </Filter>
    <Filter Include="Header Files">
      <UniqueIdentifier>{93995380-89BD-4b04-88EB-625FBE52EBFB}</UniqueIdentifier>
      <Extensions>h;hpp;hxx;hm;inl;inc;xsd</Extensions>
    </Filter>
    <Filter Include="Header Files\gfx">
      <UniqueIdentifier>{a3314ae3-8f38-4b51-af6c-832592b00b7b}</UniqueIdentifier>
    </Filter>
    <Filter Include="Header Files\common">
      <UniqueIdentifier>{15dd621c-268d-4732-9bcd-a83ce77a73f3}</UniqueIdentifier>
    </Filter>
    <Filter Include="Header Files\gameobject">
      <UniqueIdentifier>{28e68947-dab4-4d3f-95b3-6bedaf36fbcc}</UniqueIdentifier>
    </Filter>
    <Filter Include="Resource Files">
      <UniqueIdentifier>{67DA6AB6-F800-4c08-8B7A-83BB121AAD01}</UniqueIdentifier>
      <Extensions>rc;ico;cur;bmp;dlg;rc2;rct;bin;rgs;gif;jpg;jpeg;jpe;resx;tiff;tif;png;wav;mfcribbon-ms</Extensions>
    </Filter>
    <Filter Include="Source Files\common">
      <UniqueIdentifier>{87c2704a-7a4b-4f98-b3b4-5d9409f0c397}</UniqueIdentifier>
    </Filter>
    <Filter Include="Source Files\gfx">
      <UniqueIdentifier>{824e00c7-2938-40e0-a291-6068baea2e30}</UniqueIdentifier>
    </Filter>
    <Filter Include="Source Files\gameobject">
      <UniqueIdentifier>{3c7f0fe7-2940-4a29-842b-829291f9efce}</UniqueIdentifier>
    </Filter>
    <Filter Include="Source Files\tests">
      <UniqueIdentifier>{2fe4dad9-50ca-4ffd-83f5-3d041b76d5df}</UniqueIdentifier>
    </Filter>
    <Filter Include="Header Files\resource">
      <UniqueIdentifier>{3103ab93-3178-4c13-869a-26cdfa312699}</UniqueIdentifier>
    </Filter>
    <Filter Include="Source Files\resource">
      <UniqueIdentifier>{8d5920bd-c25d-4413-8487-7f9e2f039196}</UniqueIdentifier>
    </Filter>
    <Filter Include="Header Files\tests">
      <UniqueIdentifier>{2911d0b1-a779-4817-b4aa-eb1cbae06fb8}</UniqueIdentifier>
    </Filter>
  </ItemGroup>
  <ItemGroup>
    <ClCompile Include="main.cpp">
      <Filter>Source Files\common</Filter>
    </ClCompile>
    <ClCompile Include="import.cpp">
      <Filter>Source Files\common</Filter>
    </ClCompile>
    <ClCompile Include="initogrebase.cpp">
      <Filter>Source Files\gfx</Filter>
    </ClCompile>
    <ClCompile Include="gameturn.cpp">
      <Filter>Source Files\gameobject</Filter>
    </ClCompile>
    <ClCompile Include="baseobject.cpp">
      <Filter>Source Files\gameobject</Filter>
    </ClCompile>
    <ClCompile Include="testbaseobject.cpp">
      <Filter>Source Files\tests</Filter>
    </ClCompile>
    <ClCompile Include="testeventhandle.cpp">
      <Filter>Source Files\tests</Filter>
    </ClCompile>
    <ClCompile Include="testmain.cpp">
      <Filter>Source Files\tests</Filter>
    </ClCompile>
    <ClCompile Include="gamesector.cpp">
      <Filter>Source Files\gameobject</Filter>
    </ClCompile>
    <ClCompile Include="gameworld.cpp">
      <Filter>Source Files\gameobject</Filter>
    </ClCompile>
    <ClCompile Include="gamesectorview.cpp">
      <Filter>Source Files\gfx</Filter>
    </ClCompile>
    <ClCompile Include="xmlresource.cpp">
      <Filter>Source Files\resource</Filter>
    </ClCompile>
    <ClCompile Include="testxmlresource.cpp">
      <Filter>Source Files\tests</Filter>
    </ClCompile>
    <ClCompile Include="localization.cpp">
      <Filter>Source Files\common</Filter>
    </ClCompile>
    <ClCompile Include="gameobjfactory.cpp">
      <Filter>Source Files\gameobject</Filter>
    </ClCompile>
    <ClCompile Include="testgameobjfactory.cpp">
      <Filter>Source Files\tests</Filter>
    </ClCompile>
    <ClCompile Include="testbaseview.cpp">
      <Filter>Source Files\tests</Filter>
    </ClCompile>
    <ClCompile Include="staticgameobject.cpp">
      <Filter>Source Files\gameobject</Filter>
    </ClCompile>
    <ClCompile Include="viewableobject.cpp">
      <Filter>Source Files\gfx</Filter>
    </ClCompile>
  </ItemGroup>
  <ItemGroup>
    <ClInclude Include="all.h">
      <Filter>Header Files\common</Filter>
    </ClInclude>
    <ClInclude Include="initogrebase.h">
      <Filter>Header Files\gfx</Filter>
    </ClInclude>
    <ClInclude Include="baseobject.h">
      <Filter>Header Files\gameobject</Filter>
    </ClInclude>
    <ClInclude Include="gameturn.h">
      <Filter>Header Files\gameobject</Filter>
    </ClInclude>
    <ClInclude Include="import.h">
      <Filter>Header Files\common</Filter>
    </ClInclude>
    <ClInclude Include="eventhandle.hpp">
      <Filter>Header Files\common</Filter>
    </ClInclude>
    <ClInclude Include="gamesector.h">
      <Filter>Header Files\gameobject</Filter>
    </ClInclude>
    <ClInclude Include="gameworld.h">
      <Filter>Header Files\gameobject</Filter>
    </ClInclude>
    <ClInclude Include="gamesectorview.h">
      <Filter>Header Files\gfx</Filter>
    </ClInclude>
    <ClInclude Include="xmlresource.h">
      <Filter>Header Files\resource</Filter>
    </ClInclude>
    <ClInclude Include="localization.h">
      <Filter>Header Files\common</Filter>
    </ClInclude>
    <ClInclude Include="exceptions.hpp">
      <Filter>Header Files\common</Filter>
    </ClInclude>
    <ClInclude Include="gameobjfactory.h">
      <Filter>Header Files\gameobject</Filter>
    </ClInclude>
    <ClInclude Include="testgameobjectfixture.hpp">
      <Filter>Header Files\tests</Filter>
    </ClInclude>
    <ClInclude Include="alltests.h">
      <Filter>Header Files\tests</Filter>
    </ClInclude>
    <ClInclude Include="staticgameobject.h">
      <Filter>Header Files\gameobject</Filter>
    </ClInclude>
    <ClInclude Include="testbaseobjectptr.h">
      <Filter>Header Files\tests</Filter>
    </ClInclude>
    <ClInclude Include="viewableobject.h">
      <Filter>Header Files\gfx</Filter>
    </ClInclude>
  </ItemGroup>
</Project>